
Microsoft Visual Studio Solution File, Format Version 12.00
# Visual Studio 15
VisualStudioVersion = 15.0.26430.14
MinimumVisualStudioVersion = 10.0.40219.1
Project("{FAE04EC0-301F-11D3-BF4B-00C04F79EFBC}") = "CodeStyleAnalyzer", "CodeStyleAnalyzer\CodeStyleAnalyzer\CodeStyleAnalyzer.csproj", "{045C3FE9-1CA3-4178-93AF-D5D26D25443D}"
EndProject
Project("{FAE04EC0-301F-11D3-BF4B-00C04F79EFBC}") = "CodeStyleAnalyzer.Test", "CodeStyleAnalyzer\CodeStyleAnalyzer.Test\CodeStyleAnalyzer.Test.csproj", "{A0DA9804-254C-40E1-9BD5-E8CFF8925C20}"
EndProject
Global
	GlobalSection(SolutionConfigurationPlatforms) = preSolution
		Debug|Any CPU = Debug|Any CPU
		Release|Any CPU = Release|Any CPU
	EndGlobalSection
	GlobalSection(ProjectConfigurationPlatforms) = postSolution
		{045C3FE9-1CA3-4178-93AF-D5D26D25443D}.Debug|Any CPU.ActiveCfg = Debug|Any CPU
		{045C3FE9-1CA3-4178-93AF-D5D26D25443D}.Debug|Any CPU.Build.0 = Debug|Any CPU
		{045C3FE9-1CA3-4178-93AF-D5D26D25443D}.Release|Any CPU.ActiveCfg = Release|Any CPU
		{045C3FE9-1CA3-4178-93AF-D5D26D25443D}.Release|Any CPU.Build.0 = Release|Any CPU
		{A0DA9804-254C-40E1-9BD5-E8CFF8925C20}.Debug|Any CPU.ActiveCfg = Debug|Any CPU
		{A0DA9804-254C-40E1-9BD5-E8CFF8925C20}.Debug|Any CPU.Build.0 = Debug|Any CPU
		{A0DA9804-254C-40E1-9BD5-E8CFF8925C20}.Release|Any CPU.ActiveCfg = Release|Any CPU
		{A0DA9804-254C-40E1-9BD5-E8CFF8925C20}.Release|Any CPU.Build.0 = Release|Any CPU
	EndGlobalSection
	GlobalSection(SolutionProperties) = preSolution
		HideSolutionNode = FALSE
	EndGlobalSection
EndGlobal
